{
  "lockfile_version": "1",
  "packages": {
    "clang": {
      "resolved": "github:NixOS/nixpkgs/58dcbf1ec551914c3756c267b8b9c8c86baa1b2f?narHash=sha256-6FWagzm0b7I%2FIGigOv9pr6LL7NQ86mextfE8g8Q6HBg%3D#clang",
      "source": "nixpkg"
    },
    "cmake": {
      "resolved": "github:NixOS/nixpkgs/58dcbf1ec551914c3756c267b8b9c8c86baa1b2f?narHash=sha256-6FWagzm0b7I%2FIGigOv9pr6LL7NQ86mextfE8g8Q6HBg%3D#cmake",
      "source": "nixpkg"
    },
    "cocoapods": {
      "resolved": "github:NixOS/nixpkgs/58dcbf1ec551914c3756c267b8b9c8c86baa1b2f?narHash=sha256-6FWagzm0b7I%2FIGigOv9pr6LL7NQ86mextfE8g8Q6HBg%3D#cocoapods",
      "source": "nixpkg"
    },
    "fastlane": {
      "resolved": "github:NixOS/nixpkgs/58dcbf1ec551914c3756c267b8b9c8c86baa1b2f?narHash=sha256-6FWagzm0b7I%2FIGigOv9pr6LL7NQ86mextfE8g8Q6HBg%3D#fastlane",
      "source": "nixpkg"
    },
    "git": {
      "resolved": "github:NixOS/nixpkgs/58dcbf1ec551914c3756c267b8b9c8c86baa1b2f?narHash=sha256-6FWagzm0b7I%2FIGigOv9pr6LL7NQ86mextfE8g8Q6HBg%3D#git",
      "source": "nixpkg"
    },
    "github:NixOS/nixpkgs/nixpkgs-unstable": {
      "last_modified": "2025-09-01T03:15:32Z",
      "resolved": "github:NixOS/nixpkgs/58dcbf1ec551914c3756c267b8b9c8c86baa1b2f?lastModified=1756696532&narHash=sha256-6FWagzm0b7I%2FIGigOv9pr6LL7NQ86mextfE8g8Q6HBg%3D"
    },
    "llvm": {
      "resolved": "github:NixOS/nixpkgs/58dcbf1ec551914c3756c267b8b9c8c86baa1b2f?narHash=sha256-6FWagzm0b7I%2FIGigOv9pr6LL7NQ86mextfE8g8Q6HBg%3D#llvm",
      "source": "nixpkg"
    },
    "nodejs@20": {
      "last_modified": "2025-09-21T09:21:16Z",
      "plugin_version": "0.0.2",
      "resolved": "github:NixOS/nixpkgs/a1f79a1770d05af18111fbbe2a3ab2c42c0f6cd0#nodejs_20",
      "source": "devbox-search",
      "version": "20.19.5",
      "systems": {
        "aarch64-darwin": {
          "outputs": [
            {
              "name": "out",
              "path": "/nix/store/c1i3piipnvl1jg8vv4jhgb8x0m032wxh-nodejs-20.19.5",
              "default": true
            },
            {
              "name": "dev",
              "path": "/nix/store/2awbm76f2sr7s03g8n20h6nhm10ygykf-nodejs-20.19.5-dev"
            },
            {
              "name": "libv8",
              "path": "/nix/store/mmd275vh5z761axp7aa86j6l6bpy5i1m-nodejs-20.19.5-libv8"
            }
          ],
          "store_path": "/nix/store/c1i3piipnvl1jg8vv4jhgb8x0m032wxh-nodejs-20.19.5"
        },
        "aarch64-linux": {
          "outputs": [
            {
              "name": "out",
              "path": "/nix/store/1cjddb0jcrdyfyv2b5r9jlqa57f54bm6-nodejs-20.19.5",
              "default": true
            },
            {
              "name": "dev",
              "path": "/nix/store/3n6v93iaiwxdnxc3fa8v6zyrnzn6zq1d-nodejs-20.19.5-dev"
            },
            {
              "name": "libv8",
              "path": "/nix/store/fary15b8xxhfda7zzh0jpm9d3067nwmv-nodejs-20.19.5-libv8"
            }
          ],
          "store_path": "/nix/store/1cjddb0jcrdyfyv2b5r9jlqa57f54bm6-nodejs-20.19.5"
        },
        "x86_64-darwin": {
          "outputs": [
            {
              "name": "out",
              "path": "/nix/store/pdrrgvlm1ixpwhzzqcakfxhwry2fknv4-nodejs-20.19.5",
              "default": true
            },
            {
              "name": "dev",
              "path": "/nix/store/c0kf2mhpgwn0f558frp73ci70srazgnz-nodejs-20.19.5-dev"
            },
            {
              "name": "libv8",
              "path": "/nix/store/2lb6gxx66agqsxxigcljf2h98msczxhk-nodejs-20.19.5-libv8"
            }
          ],
          "store_path": "/nix/store/pdrrgvlm1ixpwhzzqcakfxhwry2fknv4-nodejs-20.19.5"
        },
        "x86_64-linux": {
          "outputs": [
            {
              "name": "out",
              "path": "/nix/store/z83yrxjf8abxz2m0vf6ic8cbaqsil0kp-nodejs-20.19.5",
              "default": true
            },
            {
              "name": "dev",
              "path": "/nix/store/s2cz8r7qjan8lj5hbfpcvk8clynn23b3-nodejs-20.19.5-dev"
            },
            {
              "name": "libv8",
              "path": "/nix/store/kxykq3pgpd5k57qrbjxhcapigrxj1zgj-nodejs-20.19.5-libv8"
            }
          ],
          "store_path": "/nix/store/z83yrxjf8abxz2m0vf6ic8cbaqsil0kp-nodejs-20.19.5"
        }
      }
    },
    "pkg-config": {
      "resolved": "github:NixOS/nixpkgs/58dcbf1ec551914c3756c267b8b9c8c86baa1b2f?narHash=sha256-6FWagzm0b7I%2FIGigOv9pr6LL7NQ86mextfE8g8Q6HBg%3D#pkg-config",
      "source": "nixpkg"
    },
    "python3": {
      "plugin_version": "0.0.4",
      "resolved": "github:NixOS/nixpkgs/58dcbf1ec551914c3756c267b8b9c8c86baa1b2f?narHash=sha256-6FWagzm0b7I%2FIGigOv9pr6LL7NQ86mextfE8g8Q6HBg%3D#python3",
      "source": "nixpkg"
    },
    "ruby@3.1": {
      "last_modified": "2025-09-18T16:33:27Z",
      "plugin_version": "0.0.2",
      "resolved": "github:NixOS/nixpkgs/f4b140d5b253f5e2a1ff4e5506edbf8267724bde#ruby_3_1",
      "source": "devbox-search",
      "version": "3.1.7",
      "systems": {
        "aarch64-darwin": {
          "outputs": [
            {
              "name": "out",
              "path": "/nix/store/bv03c96y8nii5rq65brihhz8k54fsk0q-ruby-3.1.7",
              "default": true
            },
            {
              "name": "devdoc",
              "path": "/nix/store/b99b4wqk4rcyh7hbza0ggywjgxcnghb8-ruby-3.1.7-devdoc"
            }
          ],
          "store_path": "/nix/store/bv03c96y8nii5rq65brihhz8k54fsk0q-ruby-3.1.7"
        },
        "aarch64-linux": {
          "outputs": [
            {
              "name": "out",
              "path": "/nix/store/zgvrs1av4yf43ijy5k653sfy0q68xbm9-ruby-3.1.7",
              "default": true
            },
            {
              "name": "devdoc",
              "path": "/nix/store/lpj44d4zsxnls4zcm8vkcxrbpsvlsd28-ruby-3.1.7-devdoc"
            }
          ],
          "store_path": "/nix/store/zgvrs1av4yf43ijy5k653sfy0q68xbm9-ruby-3.1.7"
        },
        "x86_64-darwin": {
          "outputs": [
            {
              "name": "out",
              "path": "/nix/store/kpj359lp0n8xmrb3aw946rhykgpa3j0x-ruby-3.1.7",
              "default": true
            },
            {
              "name": "devdoc",
              "path": "/nix/store/b6wqyr8vd5wxzbqbsxvajhr5riymys2f-ruby-3.1.7-devdoc"
            }
          ],
          "store_path": "/nix/store/kpj359lp0n8xmrb3aw946rhykgpa3j0x-ruby-3.1.7"
        },
        "x86_64-linux": {
          "outputs": [
            {
              "name": "out",
              "path": "/nix/store/2l1madb45d97k9whj9643agnjilm2z7l-ruby-3.1.7",
              "default": true
            },
            {
              "name": "devdoc",
              "path": "/nix/store/nh6i8gab574vfhzf6gfbqzxshacimnrs-ruby-3.1.7-devdoc"
            }
          ],
          "store_path": "/nix/store/2l1madb45d97k9whj9643agnjilm2z7l-ruby-3.1.7"
        }
      }
    },
    "sqlite": {
      "resolved": "github:NixOS/nixpkgs/58dcbf1ec551914c3756c267b8b9c8c86baa1b2f?narHash=sha256-6FWagzm0b7I%2FIGigOv9pr6LL7NQ86mextfE8g8Q6HBg%3D#sqlite",
      "source": "nixpkg"
    },
    "watchman": {
      "resolved": "github:NixOS/nixpkgs/58dcbf1ec551914c3756c267b8b9c8c86baa1b2f?narHash=sha256-6FWagzm0b7I%2FIGigOv9pr6LL7NQ86mextfE8g8Q6HBg%3D#watchman",
      "source": "nixpkg"
    },
    "yarn": {
      "resolved": "github:NixOS/nixpkgs/58dcbf1ec551914c3756c267b8b9c8c86baa1b2f?narHash=sha256-6FWagzm0b7I%2FIGigOv9pr6LL7NQ86mextfE8g8Q6HBg%3D#yarn",
      "source": "nixpkg"
    }
  }
}
